{
    "_meta": {
        "hash": {
            "sha256": "d921f37c4b925e3caffdb1fa8e75a4ac08423c5d3e06da9f5f3991131dea3752"
        },
        "pipfile-spec": 6,
        "requires": {
            "python_version": "3.8"
        },
        "sources": [
            {
                "name": "pypi",
                "url": "https://pypi.org/simple",
                "verify_ssl": true
            }
        ]
    },
    "default": {
        "azure-core": {
            "hashes": [
                "sha256:7efbeac3a6dfb634cb5323bc04e18ab609aeab6b03610808091aa0517373d626",
                "sha256:929d18c112a02ef294b2ad2af23bacde48b42b3756f600f69b6afbf5c775bef0"
            ],
            "version": "==1.8.1"
        },
        "azure-identity": {
            "hashes": [
                "sha256:820e1f3e21f90d36063239c6cb7ca9a6bb644cb120a6b1ead3081cafdf6ceaf8",
                "sha256:92ccea6c6ac7724d186cb73422d1ad8f525202dce2bdc17f35c695948fadf222"
            ],
            "index": "pypi",
            "version": "==1.4.0"
        },
        "azure-storage-blob": {
            "hashes": [
                "sha256:1469a5a0410296fb5ff96c326618d939c9cb0c0ea45eb931c89c98fa742d8daa",
                "sha256:6f2de5b60f16141731b7561c218a8455053bcdb9b3775a0e5364fb2b041bcf1e"
            ],
            "index": "pypi",
            "version": "==12.5.0"
        },
        "certifi": {
            "hashes": [
                "sha256:5930595817496dd21bb8dc35dad090f1c2cd0adfaf21204bf6732ca5d8ee34d3",
                "sha256:8fc0819f1f30ba15bdb34cceffb9ef04d99f420f68eb75d901e9560b8749fc41"
            ],
            "version": "==2020.6.20"
        },
        "cffi": {
            "hashes": [
                "sha256:005f2bfe11b6745d726dbb07ace4d53f057de66e336ff92d61b8c7e9c8f4777d",
                "sha256:03d3d238cc6c636a01cf55b9b2e1b6531a7f2f4103fabb5a744231582e68ecc7",
                "sha256:09e96138280241bd355cd585148dec04dbbedb4f46128f340d696eaafc82dd7b",
                "sha256:0b1ad452cc824665ddc682400b62c9e4f5b64736a2ba99110712fdee5f2505c4",
                "sha256:0ef488305fdce2580c8b2708f22d7785ae222d9825d3094ab073e22e93dfe51f",
                "sha256:15f351bed09897fbda218e4db5a3d5c06328862f6198d4fb385f3e14e19decb3",
                "sha256:22399ff4870fb4c7ef19fff6eeb20a8bbf15571913c181c78cb361024d574579",
                "sha256:23e5d2040367322824605bc29ae8ee9175200b92cb5483ac7d466927a9b3d537",
                "sha256:2791f68edc5749024b4722500e86303a10d342527e1e3bcac47f35fbd25b764e",
                "sha256:2f9674623ca39c9ebe38afa3da402e9326c245f0f5ceff0623dccdac15023e05",
                "sha256:3363e77a6176afb8823b6e06db78c46dbc4c7813b00a41300a4873b6ba63b171",
                "sha256:3b8eaf915ddc0709779889c472e553f0d3e8b7bdf62dab764c8921b09bf94522",
                "sha256:3cb3e1b9ec43256c4e0f8d2837267a70b0e1ca8c4f456685508ae6106b1f504c",
                "sha256:485d029815771b9fe4fa7e1c304352fe57df6939afe835dfd0182c7c13d5e92e",
                "sha256:4d7c26bfc1ea9f92084a1d75e11999e97b62d63128bcc90c3624d07813c52808",
                "sha256:529c4ed2e10437c205f38f3691a68be66c39197d01062618c55f74294a4a4828",
                "sha256:52bf29af05344c95136df71716bb60508bbd217691697b4307dcae681612db9f",
                "sha256:5d9a7dc7cf8b1101af2602fe238911bcc1ac36d239e0a577831f5dac993856e9",
                "sha256:6642f15ad963b5092d65aed022d033c77763515fdc07095208f15d3563003869",
                "sha256:85ba797e1de5b48aa5a8427b6ba62cf69607c18c5d4eb747604b7302f1ec382d",
                "sha256:8f0f1e499e4000c4c347a124fa6a27d37608ced4fe9f7d45070563b7c4c370c9",
                "sha256:a624fae282e81ad2e4871bdb767e2c914d0539708c0f078b5b355258293c98b0",
                "sha256:b0358e6fefc74a16f745afa366acc89f979040e0cbc4eec55ab26ad1f6a9bfbc",
                "sha256:bbd2f4dfee1079f76943767fce837ade3087b578aeb9f69aec7857d5bf25db15",
                "sha256:bf39a9e19ce7298f1bd6a9758fa99707e9e5b1ebe5e90f2c3913a47bc548747c",
                "sha256:c150eaa3dadbb2b5339675b88d4573c1be3cb6f2c33a6c83387e10cc0bf05bd3",
                "sha256:c2a33558fdbee3df370399fe1712d72464ce39c66436270f3664c03f94971aff",
                "sha256:c687778dda01832555e0af205375d649fa47afeaeeb50a201711f9a9573323b8",
                "sha256:cc75f58cdaf043fe6a7a6c04b3b5a0e694c6a9e24050967747251fb80d7bce0d",
                "sha256:d80998ed59176e8cba74028762fbd9b9153b9afc71ea118e63bbf5d4d0f9552b",
                "sha256:de31b5164d44ef4943db155b3e8e17929707cac1e5bd2f363e67a56e3af4af6e",
                "sha256:e66399cf0fc07de4dce4f588fc25bfe84a6d1285cc544e67987d22663393926d",
                "sha256:f0620511387790860b249b9241c2f13c3a80e21a73e0b861a2df24e9d6f56730",
                "sha256:f4eae045e6ab2bb54ca279733fe4eb85f1effda392666308250714e01907f394",
                "sha256:f92cdecb618e5fa4658aeb97d5eb3d2f47aa94ac6477c6daf0f306c5a3b9e6b1",
                "sha256:f92f789e4f9241cd262ad7a555ca2c648a98178a953af117ef7fad46aa1d5591"
            ],
            "version": "==1.14.3"
        },
        "chardet": {
            "hashes": [
                "sha256:84ab92ed1c4d4f16916e05906b6b75a6c0fb5db821cc65e70cbd64a3e2a5eaae",
                "sha256:fc323ffcaeaed0e0a02bf4d117757b98aed530d9ed4531e3e15460124c106691"
            ],
            "version": "==3.0.4"
        },
        "cryptography": {
            "hashes": [
                "sha256:10c9775a3f31610cf6b694d1fe598f2183441de81cedcf1814451ae53d71b13a",
                "sha256:180c9f855a8ea280e72a5d61cf05681b230c2dce804c48e9b2983f491ecc44ed",
                "sha256:247df238bc05c7d2e934a761243bfdc67db03f339948b1e2e80c75d41fc7cc36",
                "sha256:26409a473cc6278e4c90f782cd5968ebad04d3911ed1c402fc86908c17633e08",
                "sha256:2a27615c965173c4c88f2961cf18115c08fedfb8bdc121347f26e8458dc6d237",
                "sha256:2e26223ac636ca216e855748e7d435a1bf846809ed12ed898179587d0cf74618",
                "sha256:321761d55fb7cb256b771ee4ed78e69486a7336be9143b90c52be59d7657f50f",
                "sha256:4005b38cd86fc51c955db40b0f0e52ff65340874495af72efabb1bb8ca881695",
                "sha256:4b9e96543d0784acebb70991ebc2dbd99aa287f6217546bb993df22dd361d41c",
                "sha256:548b0818e88792318dc137d8b1ec82a0ab0af96c7f0603a00bb94f896fbf5e10",
                "sha256:725875681afe50b41aee7fdd629cedbc4720bab350142b12c55c0a4d17c7416c",
                "sha256:7a63e97355f3cd77c94bd98c59cb85fe0efd76ea7ef904c9b0316b5bbfde6ed1",
                "sha256:94191501e4b4009642be21dde2a78bd3c2701a81ee57d3d3d02f1d99f8b64a9e",
                "sha256:969ae512a250f869c1738ca63be843488ff5cc031987d302c1f59c7dbe1b225f",
                "sha256:9f734423eb9c2ea85000aa2476e0d7a58e021bc34f0a373ac52a5454cd52f791",
                "sha256:b45ab1c6ece7c471f01c56f5d19818ca797c34541f0b2351635a5c9fe09ac2e0",
                "sha256:cc6096c86ec0de26e2263c228fb25ee01c3ff1346d3cfc219d67d49f303585af",
                "sha256:dc3f437ca6353979aace181f1b790f0fc79e446235b14306241633ab7d61b8f8",
                "sha256:e7563eb7bc5c7e75a213281715155248cceba88b11cb4b22957ad45b85903761",
                "sha256:e7dad66a9e5684a40f270bd4aee1906878193ae50a4831922e454a2a457f1716",
                "sha256:eb80a288e3cfc08f679f95da72d2ef90cb74f6d8a8ba69d2f215c5e110b2ca32",
                "sha256:fa7fbcc40e2210aca26c7ac8a39467eae444d90a2c346cbcffd9133a166bcc67"
            ],
            "version": "==3.1"
        },
        "idna": {
            "hashes": [
                "sha256:b307872f855b18632ce0c21c5e45be78c0ea7ae4c15c828c20788b26921eb3f6",
                "sha256:b97d804b1e9b523befed77c48dacec60e6dcb0b5391d57af6a65a312a90648c0"
            ],
            "markers": "python_version >= '2.7' and python_version not in '3.0, 3.1, 3.2, 3.3'",
            "version": "==2.10"
        },
        "isodate": {
            "hashes": [
                "sha256:2e364a3d5759479cdb2d37cce6b9376ea504db2ff90252a2e5b7cc89cc9ff2d8",
                "sha256:aa4d33c06640f5352aca96e4b81afd8ab3b47337cc12089822d6f322ac772c81"
            ],
            "version": "==0.6.0"
        },
        "msal": {
            "hashes": [
                "sha256:213cd77a6c9b68a0dfbe3fa8c15cd411483d6cacd8b3f616b72190f16549148d",
                "sha256:cc67d3a14850ba7e533ec5d05a4c23a34dd74a7fa5e0210daebef397b2009b0e"
            ],
            "version": "==1.5.0"
        },
        "msal-extensions": {
            "hashes": [
                "sha256:31414753c484679bb3b6c6401623eb4c3ccab630af215f2f78c1d5c4f8e1d1a9",
                "sha256:f092246787145ec96d6c3c9f7bedfb837830fe8a79b56180e531fbf28b8de532"
            ],
            "version": "==0.2.2"
        },
        "msrest": {
            "hashes": [
                "sha256:55f8c3940bc5dc609f8cf9fcd639444716cc212a943606756272e0d0017bbb5b",
                "sha256:87aa64948c3ef3dbf6f6956d2240493e68d714e4621b92b65b3c4d5808297929"
            ],
            "version": "==0.6.19"
        },
        "oauthlib": {
            "hashes": [
                "sha256:bee41cc35fcca6e988463cacc3bcb8a96224f470ca547e697b604cc697b2f889",
                "sha256:df884cd6cbe20e32633f1db1072e9356f53638e4361bef4e8b03c9127c9328ea"
            ],
            "markers": "python_version >= '2.7' and python_version not in '3.0, 3.1, 3.2, 3.3'",
            "version": "==3.1.0"
        },
        "portalocker": {
            "hashes": [
                "sha256:34cb36c618d88bcd9079beb36dcdc1848a3e3d92ac4eac59055bdeafc39f9d4a",
                "sha256:6d6f5de5a3e68c4dd65a98ec1babb26d28ccc5e770e07b672d65d5a35e4b2d8a"
            ],
            "markers": "platform_system == 'Windows'",
            "version": "==1.7.1"
        },
        "pycparser": {
            "hashes": [
                "sha256:2d475327684562c3a96cc71adf7dc8c4f0565175cf86b6d7a404ff4c771f15f0",
                "sha256:7582ad22678f0fcd81102833f60ef8d0e57288b6b5fb00323d101be910e35705"
            ],
            "markers": "python_version >= '2.7' and python_version not in '3.0, 3.1, 3.2, 3.3'",
            "version": "==2.20"
        },
        "pyjwt": {
            "extras": [
                "crypto"
            ],
            "hashes": [
                "sha256:5c6eca3c2940464d106b99ba83b00c6add741c9becaec087fb7ccdefea71350e",
                "sha256:8d59a976fb773f3e6a39c85636357c4f0e242707394cadadd9814f5cbaa20e96"
            ],
            "version": "==1.7.1"
        },
        "pywin32": {
            "hashes": [
                "sha256:00eaf43dbd05ba6a9b0080c77e161e0b7a601f9a3f660727a952e40140537de7",
                "sha256:11cb6610efc2f078c9e6d8f5d0f957620c333f4b23466931a247fb945ed35e89",
                "sha256:1f45db18af5d36195447b2cffacd182fe2d296849ba0aecdab24d3852fbf3f80",
                "sha256:37dc9935f6a383cc744315ae0c2882ba1768d9b06700a70f35dc1ce73cd4ba9c",
                "sha256:6e38c44097a834a4707c1b63efa9c2435f5a42afabff634a17f563bc478dfcc8",
                "sha256:8319bafdcd90b7202c50d6014efdfe4fde9311b3ff15fd6f893a45c0868de203",
                "sha256:9b3466083f8271e1a5eb0329f4e0d61925d46b40b195a33413e0905dccb285e8",
                "sha256:a60d795c6590a5b6baeacd16c583d91cce8038f959bd80c53bd9a68f40130f2d",
                "sha256:af40887b6fc200eafe4d7742c48417529a8702dcc1a60bf89eee152d1d11209f",
                "sha256:ec16d44b49b5f34e99eb97cf270806fdc560dff6f84d281eb2fcb89a014a56a9",
                "sha256:ed74b72d8059a6606f64842e7917aeee99159ebd6b8d6261c518d002837be298",
                "sha256:fa6ba028909cfc64ce9e24bcf22f588b14871980d9787f1e2002c99af8f1850c"
            ],
            "markers": "platform_system == 'Windows'",
            "version": "==228"
        },
        "requests": {
            "hashes": [
                "sha256:b3559a131db72c33ee969480840fff4bb6dd111de7dd27c8ee1f820f4f00231b",
                "sha256:fe75cc94a9443b9246fc7049224f75604b113c36acb93f87b80ed42c44cbb898"
            ],
            "markers": "python_version >= '2.7' and python_version not in '3.0, 3.1, 3.2, 3.3, 3.4'",
            "version": "==2.24.0"
        },
        "requests-oauthlib": {
            "hashes": [
                "sha256:7f71572defaecd16372f9006f33c2ec8c077c3cfa6f5911a9a90202beb513f3d",
                "sha256:b4261601a71fd721a8bd6d7aa1cc1d6a8a93b4a9f5e96626f8e4d91e8beeaa6a",
                "sha256:fa6c47b933f01060936d87ae9327fead68768b69c6c9ea2109c48be30f2d4dbc"
            ],
            "version": "==1.3.0"
        },
        "six": {
            "hashes": [
                "sha256:30639c035cdb23534cd4aa2dd52c3bf48f06e5f4a941509c8bafd8ce11080259",
                "sha256:8b74bedcbbbaca38ff6d7491d76f2b06b3592611af620f8426e82dddb04a5ced"
            ],
            "markers": "python_version >= '2.7' and python_version not in '3.0, 3.1, 3.2, 3.3'",
            "version": "==1.15.0"
        },
        "sqlalchemy": {
            "hashes": [
                "sha256:072766c3bd09294d716b2d114d46ffc5ccf8ea0b714a4e1c48253014b771c6bb",
                "sha256:107d4af989831d7b091e382d192955679ec07a9209996bf8090f1f539ffc5804",
                "sha256:15c0bcd3c14f4086701c33a9e87e2c7ceb3bcb4a246cd88ec54a49cf2a5bd1a6",
                "sha256:26c5ca9d09f0e21b8671a32f7d83caad5be1f6ff45eef5ec2f6fd0db85fc5dc0",
                "sha256:276936d41111a501cf4a1a0543e25449108d87e9f8c94714f7660eaea89ae5fe",
                "sha256:3292a28344922415f939ee7f4fc0c186f3d5a0bf02192ceabd4f1129d71b08de",
                "sha256:33d29ae8f1dc7c75b191bb6833f55a19c932514b9b5ce8c3ab9bc3047da5db36",
                "sha256:3bba2e9fbedb0511769780fe1d63007081008c5c2d7d715e91858c94dbaa260e",
                "sha256:465c999ef30b1c7525f81330184121521418a67189053bcf585824d833c05b66",
                "sha256:51064ee7938526bab92acd049d41a1dc797422256086b39c08bafeffb9d304c6",
                "sha256:5a49e8473b1ab1228302ed27365ea0fadd4bf44bc0f9e73fe38e10fdd3d6b4fc",
                "sha256:618db68745682f64cedc96ca93707805d1f3a031747b5a0d8e150cfd5055ae4d",
                "sha256:6547b27698b5b3bbfc5210233bd9523de849b2bb8a0329cd754c9308fc8a05ce",
                "sha256:6557af9e0d23f46b8cd56f8af08eaac72d2e3c632ac8d5cf4e20215a8dca7cea",
                "sha256:73a40d4fcd35fdedce07b5885905753d5d4edf413fbe53544dd871f27d48bd4f",
                "sha256:8280f9dae4adb5889ce0bb3ec6a541bf05434db5f9ab7673078c00713d148365",
                "sha256:83469ad15262402b0e0974e612546bc0b05f379b5aa9072ebf66d0f8fef16bea",
                "sha256:860d0fe234922fd5552b7f807fbb039e3e7ca58c18c8d38aa0d0a95ddf4f6c23",
                "sha256:883c9fb62cebd1e7126dd683222b3b919657590c3e2db33bdc50ebbad53e0338",
                "sha256:8afcb6f4064d234a43fea108859942d9795c4060ed0fbd9082b0f280181a15c1",
                "sha256:96f51489ac187f4bab588cf51f9ff2d40b6d170ac9a4270ffaed535c8404256b",
                "sha256:9e865835e36dfbb1873b65e722ea627c096c11b05f796831e3a9b542926e979e",
                "sha256:aa0554495fe06172b550098909be8db79b5accdf6ffb59611900bea345df5eba",
                "sha256:b595e71c51657f9ee3235db8b53d0b57c09eee74dfb5b77edff0e46d2218dc02",
                "sha256:b6ff91356354b7ff3bd208adcf875056d3d886ed7cef90c571aef2ab8a554b12",
                "sha256:b70bad2f1a5bd3460746c3fb3ab69e4e0eb5f59d977a23f9b66e5bdc74d97b86",
                "sha256:c7adb1f69a80573698c2def5ead584138ca00fff4ad9785a4b0b2bf927ba308d",
                "sha256:c898b3ebcc9eae7b36bd0b4bbbafce2d8076680f6868bcbacee2d39a7a9726a7",
                "sha256:e49947d583fe4d29af528677e4f0aa21f5e535ca2ae69c48270ebebd0d8843c0",
                "sha256:eb1d71643e4154398b02e88a42fc8b29db8c44ce4134cf0f4474bfc5cb5d4dac",
                "sha256:f2e8a9c0c8813a468aa659a01af6592f71cd30237ec27c4cc0683f089f90dcfc",
                "sha256:fe7fe11019fc3e6600819775a7d55abc5446dda07e9795f5954fdbf8a49e1c37"
            ],
            "index": "pypi",
            "version": "==1.3.19"
        },
        "urllib3": {
            "hashes": [
                "sha256:91056c15fa70756691db97756772bb1eb9678fa585d9184f24534b100dc60f4a",
                "sha256:e7983572181f5e1522d9c98453462384ee92a0be7fac5f1413a1e35c56cc0461"
            ],
            "markers": "python_version >= '2.7' and python_version not in '3.0, 3.1, 3.2, 3.3, 3.4' and python_version < '4'",
            "version": "==1.25.10"
        }
    },
    "develop": {}
}
